
Microsoft Visual Studio Solution File, Format Version 12.00
# Visual Studio Version 16
VisualStudioVersion = 16.0.30621.155
MinimumVisualStudioVersion = 10.0.40219.1
Project("{9A19103F-16F7-4668-BE54-9A1E7A4F7556}") = "NotificationApi", "NotificationApi\NotificationApi.csproj", "{CA9C3F53-9076-4CCE-B40A-9555DD868EA8}"
EndProject
Project("{FAE04EC0-301F-11D3-BF4B-00C04F79EFBC}") = "DemoSignalRClient", "DemoSignalRClient\DemoSignalRClient.csproj", "{235BA97E-BF15-482B-9401-1994BA66C708}"
EndProject
Global
	GlobalSection(SolutionConfigurationPlatforms) = preSolution
		Debug|Any CPU = Debug|Any CPU
		Release|Any CPU = Release|Any CPU
	EndGlobalSection
	GlobalSection(ProjectConfigurationPlatforms) = postSolution
		{CA9C3F53-9076-4CCE-B40A-9555DD868EA8}.Debug|Any CPU.ActiveCfg = Debug|Any CPU
		{CA9C3F53-9076-4CCE-B40A-9555DD868EA8}.Debug|Any CPU.Build.0 = Debug|Any CPU
		{CA9C3F53-9076-4CCE-B40A-9555DD868EA8}.Release|Any CPU.ActiveCfg = Release|Any CPU
		{CA9C3F53-9076-4CCE-B40A-9555DD868EA8}.Release|Any CPU.Build.0 = Release|Any CPU
		{235BA97E-BF15-482B-9401-1994BA66C708}.Debug|Any CPU.ActiveCfg = Debug|Any CPU
		{235BA97E-BF15-482B-9401-1994BA66C708}.Debug|Any CPU.Build.0 = Debug|Any CPU
		{235BA97E-BF15-482B-9401-1994BA66C708}.Release|Any CPU.ActiveCfg = Release|Any CPU
		{235BA97E-BF15-482B-9401-1994BA66C708}.Release|Any CPU.Build.0 = Release|Any CPU
	EndGlobalSection
	GlobalSection(SolutionProperties) = preSolution
		HideSolutionNode = FALSE
	EndGlobalSection
	GlobalSection(ExtensibilityGlobals) = postSolution
		SolutionGuid = {F8EB91E8-A2F8-4C6D-8F24-2E376ADA1E17}
	EndGlobalSection
EndGlobal
